schema: '2.0'
stages:
  training:
    cmd: python src/train.py
    deps:
    - path: data/data.csv
      md5: 2be021ad1f5e472f6a6ba0d62c6aa41d
      size: 125204
  prepare:
    cmd: python src/prepare.py
    deps:
    - path: data/data.csv
      md5: 2be021ad1f5e472f6a6ba0d62c6aa41d
      size: 125204
